
Microsoft Visual Studio Solution File, Format Version 12.00
# Visual Studio Version 17
VisualStudioVersion = 17.8.34525.116
MinimumVisualStudioVersion = 10.0.40219.1
Project("{FAE04EC0-301F-11D3-BF4B-00C04F79EFBC}") = "CahootSOOA", "CahootSOOA.csproj", "{C3144A5D-F939-4CC3-8BA6-FA59995D9C41}"
EndProject
Global
	GlobalSection(SolutionConfigurationPlatforms) = preSolution
		Debug|Any CPU = Debug|Any CPU
		Release|Any CPU = Release|Any CPU
	EndGlobalSection
	GlobalSection(ProjectConfigurationPlatforms) = postSolution
		{C3144A5D-F939-4CC3-8BA6-FA59995D9C41}.Debug|Any CPU.ActiveCfg = Debug|Any CPU
		{C3144A5D-F939-4CC3-8BA6-FA59995D9C41}.Debug|Any CPU.Build.0 = Debug|Any CPU
		{C3144A5D-F939-4CC3-8BA6-FA59995D9C41}.Release|Any CPU.ActiveCfg = Release|Any CPU
		{C3144A5D-F939-4CC3-8BA6-FA59995D9C41}.Release|Any CPU.Build.0 = Release|Any CPU
	EndGlobalSection
	GlobalSection(SolutionProperties) = preSolution
		HideSolutionNode = FALSE
	EndGlobalSection
	GlobalSection(ExtensibilityGlobals) = postSolution
		SolutionGuid = {61448B88-739F-440C-A74E-91BDE1CFC40E}
	EndGlobalSection
EndGlobal
